{
    "_meta": {
        "hash": {
            "sha256": "26ae62a876e6434a83f5c28c1ef991adcaee78f168b4a4410f8d5bfd6ee6ad53"
        },
        "pipfile-spec": 6,
        "requires": {
            "python_version": "3.8"
        },
        "sources": [
            {
                "name": "pypi",
                "url": "https://pypi.org/simple",
                "verify_ssl": true
            }
        ]
    },
    "default": {
        "cycler": {
            "hashes": [
                "sha256:1d8a5ae1ff6c5cf9b93e8811e581232ad8920aeec647c37316ceac982b08cb2d",
                "sha256:cd7b2d1018258d7247a71425e9f26463dfb444d411c39569972f4ce586b0c9d8"
            ],
            "version": "==0.10.0"
        },
        "kiwisolver": {
            "hashes": [
                "sha256:0cd53f403202159b44528498de18f9285b04482bab2a6fc3f5dd8dbb9352e30d",
                "sha256:1e1bc12fb773a7b2ffdeb8380609f4f8064777877b2225dec3da711b421fda31",
                "sha256:225e2e18f271e0ed8157d7f4518ffbf99b9450fca398d561eb5c4a87d0986dd9",
                "sha256:232c9e11fd7ac3a470d65cd67e4359eee155ec57e822e5220322d7b2ac84fbf0",
                "sha256:31dfd2ac56edc0ff9ac295193eeaea1c0c923c0355bf948fbd99ed6018010b72",
                "sha256:33449715e0101e4d34f64990352bce4095c8bf13bed1b390773fc0a7295967b3",
                "sha256:401a2e9afa8588589775fe34fc22d918ae839aaaf0c0e96441c0fdbce6d8ebe6",
                "sha256:44a62e24d9b01ba94ae7a4a6c3fb215dc4af1dde817e7498d901e229aaf50e4e",
                "sha256:50af681a36b2a1dee1d3c169ade9fdc59207d3c31e522519181e12f1b3ba7000",
                "sha256:563c649cfdef27d081c84e72a03b48ea9408c16657500c312575ae9d9f7bc1c3",
                "sha256:5989db3b3b34b76c09253deeaf7fbc2707616f130e166996606c284395da3f18",
                "sha256:5a7a7dbff17e66fac9142ae2ecafb719393aaee6a3768c9de2fd425c63b53e21",
                "sha256:5c3e6455341008a054cccee8c5d24481bcfe1acdbc9add30aa95798e95c65621",
                "sha256:5f6ccd3dd0b9739edcf407514016108e2280769c73a85b9e59aa390046dbf08b",
                "sha256:72c99e39d005b793fb7d3d4e660aed6b6281b502e8c1eaf8ee8346023c8e03bc",
                "sha256:78751b33595f7f9511952e7e60ce858c6d64db2e062afb325985ddbd34b5c131",
                "sha256:834ee27348c4aefc20b479335fd422a2c69db55f7d9ab61721ac8cd83eb78882",
                "sha256:8be8d84b7d4f2ba4ffff3665bcd0211318aa632395a1a41553250484a871d454",
                "sha256:950a199911a8d94683a6b10321f9345d5a3a8433ec58b217ace979e18f16e248",
                "sha256:a357fd4f15ee49b4a98b44ec23a34a95f1e00292a139d6015c11f55774ef10de",
                "sha256:a53d27d0c2a0ebd07e395e56a1fbdf75ffedc4a05943daf472af163413ce9598",
                "sha256:acef3d59d47dd85ecf909c359d0fd2c81ed33bdff70216d3956b463e12c38a54",
                "sha256:b38694dcdac990a743aa654037ff1188c7a9801ac3ccc548d3341014bc5ca278",
                "sha256:b9edd0110a77fc321ab090aaa1cfcaba1d8499850a12848b81be2222eab648f6",
                "sha256:c08e95114951dc2090c4a630c2385bef681cacf12636fb0241accdc6b303fd81",
                "sha256:c5518d51a0735b1e6cee1fdce66359f8d2b59c3ca85dc2b0813a8aa86818a030",
                "sha256:c8fd0f1ae9d92b42854b2979024d7597685ce4ada367172ed7c09edf2cef9cb8",
                "sha256:ca3820eb7f7faf7f0aa88de0e54681bddcb46e485beb844fcecbcd1c8bd01689",
                "sha256:cf8b574c7b9aa060c62116d4181f3a1a4e821b2ec5cbfe3775809474113748d4",
                "sha256:d3155d828dec1d43283bd24d3d3e0d9c7c350cdfcc0bd06c0ad1209c1bbc36d0",
                "sha256:f8d6f8db88049a699817fd9178782867bf22283e3813064302ac59f61d95be05",
                "sha256:fd34fbbfbc40628200730bc1febe30631347103fc8d3d4fa012c21ab9c11eca9"
            ],
            "markers": "python_version >= '3.6'",
            "version": "==1.3.1"
        },
        "matplotlib": {
            "hashes": [
                "sha256:2466d4dddeb0f5666fd1e6736cc5287a4f9f7ae6c1a9e0779deff798b28e1d35",
                "sha256:282b3fc8023c4365bad924d1bb442ddc565c2d1635f210b700722776da466ca3",
                "sha256:4bb50ee4755271a2017b070984bcb788d483a8ce3132fab68393d1555b62d4ba",
                "sha256:56d3147714da5c7ac4bc452d041e70e0e0b07c763f604110bd4e2527f320b86d",
                "sha256:7a9baefad265907c6f0b037c8c35a10cf437f7708c27415a5513cf09ac6d6ddd",
                "sha256:aae7d107dc37b4bb72dcc45f70394e6df2e5e92ac4079761aacd0e2ad1d3b1f7",
                "sha256:af14e77829c5b5d5be11858d042d6f2459878f8e296228c7ea13ec1fd308eb68",
                "sha256:c1cf735970b7cd424502719b44288b21089863aaaab099f55e0283a721aaf781",
                "sha256:ce378047902b7a05546b6485b14df77b2ff207a0054e60c10b5680132090c8ee",
                "sha256:d35891a86a4388b6965c2d527b9a9f9e657d9e110b0575ca8a24ba0d4e34b8fc",
                "sha256:e06304686209331f99640642dee08781a9d55c6e32abb45ed54f021f46ccae47",
                "sha256:e20ba7fb37d4647ac38f3c6d8672dd8b62451ee16173a0711b37ba0ce42bf37d",
                "sha256:f4412241e32d0f8d3713b68d3ca6430190a5e8a7c070f1c07d7833d8c5264398",
                "sha256:ffe2f9cdcea1086fc414e82f42271ecf1976700b8edd16ca9d376189c6d93aee"
            ],
            "index": "pypi",
            "version": "==3.2.1"
        },
        "numpy": {
            "hashes": [
                "sha256:0172304e7d8d40e9e49553901903dc5f5a49a703363ed756796f5808a06fc233",
                "sha256:34e96e9dae65c4839bd80012023aadd6ee2ccb73ce7fdf3074c62f301e63120b",
                "sha256:3676abe3d621fc467c4c1469ee11e395c82b2d6b5463a9454e37fe9da07cd0d7",
                "sha256:3dd6823d3e04b5f223e3e265b4a1eae15f104f4366edd409e5a5e413a98f911f",
                "sha256:4064f53d4cce69e9ac613256dc2162e56f20a4e2d2086b1956dd2fcf77b7fac5",
                "sha256:4674f7d27a6c1c52a4d1aa5f0881f1eff840d2206989bae6acb1c7668c02ebfb",
                "sha256:7d42ab8cedd175b5ebcb39b5208b25ba104842489ed59fbb29356f671ac93583",
                "sha256:965df25449305092b23d5145b9bdaeb0149b6e41a77a7d728b1644b3c99277c1",
                "sha256:9c9d6531bc1886454f44aa8f809268bc481295cf9740827254f53c30104f074a",
                "sha256:a78e438db8ec26d5d9d0e584b27ef25c7afa5a182d1bf4d05e313d2d6d515271",
                "sha256:a7acefddf994af1aeba05bbbafe4ba983a187079f125146dc5859e6d817df824",
                "sha256:a87f59508c2b7ceb8631c20630118cc546f1f815e034193dc72390db038a5cb3",
                "sha256:ac792b385d81151bae2a5a8adb2b88261ceb4976dbfaaad9ce3a200e036753dc",
                "sha256:b03b2c0badeb606d1232e5f78852c102c0a7989d3a534b3129e7856a52f3d161",
                "sha256:b39321f1a74d1f9183bf1638a745b4fd6fe80efbb1f6b32b932a588b4bc7695f",
                "sha256:cae14a01a159b1ed91a324722d746523ec757357260c6804d11d6147a9e53e3f",
                "sha256:cd49930af1d1e49a812d987c2620ee63965b619257bd76eaaa95870ca08837cf",
                "sha256:e15b382603c58f24265c9c931c9a45eebf44fe2e6b4eaedbb0d025ab3255228b",
                "sha256:e91d31b34fc7c2c8f756b4e902f901f856ae53a93399368d9a0dc7be17ed2ca0",
                "sha256:ef627986941b5edd1ed74ba89ca43196ed197f1a206a3f18cc9faf2fb84fd675",
                "sha256:f718a7949d1c4f622ff548c572e0c03440b49b9531ff00e4ed5738b459f011e8"
            ],
            "index": "pypi",
            "version": "==1.18.5"
        },
        "pandas": {
            "hashes": [
                "sha256:034185bb615dc96d08fa13aacba8862949db19d5e7804d6ee242d086f07bcc46",
                "sha256:0c9b7f1933e3226cc16129cf2093338d63ace5c85db7c9588e3e1ac5c1937ad5",
                "sha256:1f6fcf0404626ca0475715da045a878c7062ed39bc859afc4ccf0ba0a586a0aa",
                "sha256:1fc963ba33c299973e92d45466e576d11f28611f3549469aec4a35658ef9f4cc",
                "sha256:29b4cfee5df2bc885607b8f016e901e63df7ffc8f00209000471778f46cc6678",
                "sha256:2a8b6c28607e3f3c344fe3e9b3cd76d2bf9f59bc8c0f2e582e3728b80e1786dc",
                "sha256:2bc2ff52091a6ac481cc75d514f06227dc1b10887df1eb72d535475e7b825e31",
                "sha256:415e4d52fcfd68c3d8f1851cef4d947399232741cc994c8f6aa5e6a9f2e4b1d8",
                "sha256:519678882fd0587410ece91e3ff7f73ad6ded60f6fcb8aa7bcc85c1dc20ecac6",
                "sha256:51e0abe6e9f5096d246232b461649b0aa627f46de8f6344597ca908f2240cbaa",
                "sha256:698e26372dba93f3aeb09cd7da2bb6dd6ade248338cfe423792c07116297f8f4",
                "sha256:83af85c8e539a7876d23b78433d90f6a0e8aa913e37320785cf3888c946ee874",
                "sha256:982cda36d1773076a415ec62766b3c0a21cdbae84525135bdb8f460c489bb5dd",
                "sha256:a647e44ba1b3344ebc5991c8aafeb7cca2b930010923657a273b41d86ae225c4",
                "sha256:b35d625282baa7b51e82e52622c300a1ca9f786711b2af7cbe64f1e6831f4126",
                "sha256:bab51855f8b318ef39c2af2c11095f45a10b74cbab4e3c8199efcc5af314c648"
            ],
            "index": "pypi",
            "version": "==1.0.4"
        },
        "pyparsing": {
            "hashes": [
                "sha256:c203ec8783bf771a155b207279b9bccb8dea02d8f0c9e5f8ead507bc3246ecc1",
                "sha256:ef9d7589ef3c200abe66653d3f1ab1033c3c419ae9b9bdb1240a85b024efc88b"
            ],
            "markers": "python_version >= '2.6' and python_version not in '3.0, 3.1, 3.2, 3.3'",
            "version": "==2.4.7"
        },
        "python-dateutil": {
            "hashes": [
                "sha256:73ebfe9dbf22e832286dafa60473e4cd239f8592f699aa5adaf10050e6e1823c",
                "sha256:75bb3f31ea686f1197762692a9ee6a7550b59fc6ca3a1f4b5d7e32fb98e2da2a"
            ],
            "markers": "python_version >= '2.7' and python_version not in '3.0, 3.1, 3.2, 3.3'",
            "version": "==2.8.1"
        },
        "pytz": {
            "hashes": [
                "sha256:3e6b7dd2d1e0a59084bcee14a17af60c5c562cdc16d828e8eba2e683d3a7e268",
                "sha256:5c55e189b682d420be27c6995ba6edce0c0a77dd67bfbe2ae6607134d5851ffd"
            ],
            "version": "==2020.4"
        },
        "six": {
            "hashes": [
                "sha256:30639c035cdb23534cd4aa2dd52c3bf48f06e5f4a941509c8bafd8ce11080259",
                "sha256:8b74bedcbbbaca38ff6d7491d76f2b06b3592611af620f8426e82dddb04a5ced"
            ],
            "markers": "python_version >= '2.7' and python_version not in '3.0, 3.1, 3.2, 3.3'",
            "version": "==1.15.0"
        }
    },
    "develop": {
        "alabaster": {
            "hashes": [
                "sha256:446438bdcca0e05bd45ea2de1668c1d9b032e1a9154c2c259092d77031ddd359",
                "sha256:a661d72d58e6ea8a57f7a86e37d86716863ee5e92788398526d58b26a4e4dc02"
            ],
            "version": "==0.7.12"
        },
        "astroid": {
            "hashes": [
                "sha256:2f4078c2a41bf377eea06d71c9d2ba4eb8f6b1af2135bec27bbbb7d8f12bb703",
                "sha256:bc58d83eb610252fd8de6363e39d4f1d0619c894b0ed24603b881c02e64c7386"
            ],
            "markers": "python_version >= '3.5'",
            "version": "==2.4.2"
        },
        "babel": {
            "hashes": [
                "sha256:9d35c22fcc79893c3ecc85ac4a56cde1ecf3f19c540bba0922308a6c06ca6fa5",
                "sha256:da031ab54472314f210b0adcff1588ee5d1d1d0ba4dbd07b94dba82bde791e05"
            ],
            "markers": "python_version >= '2.7' and python_version not in '3.0, 3.1, 3.2, 3.3'",
            "version": "==2.9.0"
        },
        "certifi": {
            "hashes": [
                "sha256:1f422849db327d534e3d0c5f02a263458c3955ec0aae4ff09b95f195c59f4edd",
                "sha256:f05def092c44fbf25834a51509ef6e631dc19765ab8a57b4e7ab85531f0a9cf4"
            ],
            "version": "==2020.11.8"
        },
        "chardet": {
            "hashes": [
                "sha256:84ab92ed1c4d4f16916e05906b6b75a6c0fb5db821cc65e70cbd64a3e2a5eaae",
                "sha256:fc323ffcaeaed0e0a02bf4d117757b98aed530d9ed4531e3e15460124c106691"
            ],
            "version": "==3.0.4"
        },
        "codecov": {
            "hashes": [
                "sha256:8ed8b7c6791010d359baed66f84f061bba5bd41174bf324c31311e8737602788",
                "sha256:ae00d68e18d8a20e9c3288ba3875ae03db3a8e892115bf9b83ef20507732bed4"
            ],
            "index": "pypi",
            "version": "==2.0.15"
        },
        "coverage": {
            "hashes": [
                "sha256:06123b58a1410873e22134ca2d88bd36680479fe354955b3579fb8ff150e4d27",
                "sha256:09e47c529ff77bf042ecfe858fb55c3e3eb97aac2c87f0349ab5a7efd6b3939f",
                "sha256:0a1f9b0eb3aa15c990c328535655847b3420231af299386cfe5efc98f9c250fe",
                "sha256:0cc941b37b8c2ececfed341444a456912e740ecf515d560de58b9a76562d966d",
                "sha256:0d34245f824cc3140150ab7848d08b7e2ba67ada959d77619c986f2062e1f0e8",
                "sha256:10e8af18d1315de936d67775d3a814cc81d0747a1a0312d84e27ae5610e313b0",
                "sha256:1b4276550b86caa60606bd3572b52769860a81a70754a54acc8ba789ce74d607",
                "sha256:1e8a2627c48266c7b813975335cfdea58c706fe36f607c97d9392e61502dc79d",
                "sha256:258b21c5cafb0c3768861a6df3ab0cfb4d8b495eee5ec660e16f928bf7385390",
                "sha256:2b224052bfd801beb7478b03e8a66f3f25ea56ea488922e98903914ac9ac930b",
                "sha256:3ad59c84c502cd134b0088ca9038d100e8fb5081bbd5ccca4863f3804d81f61d",
                "sha256:447c450a093766744ab53bf1e7063ec82866f27bcb4f4c907da25ad293bba7e3",
                "sha256:46101fc20c6f6568561cdd15a54018bb42980954b79aa46da8ae6f008066a30e",
                "sha256:4710dc676bb4b779c4361b54eb308bc84d64a2fa3d78e5f7228921eccce5d815",
                "sha256:510986f9a280cd05189b42eee2b69fecdf5bf9651d4cd315ea21d24a964a3c36",
                "sha256:5535dda5739257effef56e49a1c51c71f1d37a6e5607bb25a5eee507c59580d1",
                "sha256:5a7524042014642b39b1fcae85fb37556c200e64ec90824ae9ecf7b667ccfc14",
                "sha256:5f55028169ef85e1fa8e4b8b1b91c0b3b0fa3297c4fb22990d46ff01d22c2d6c",
                "sha256:6694d5573e7790a0e8d3d177d7a416ca5f5c150742ee703f3c18df76260de794",
                "sha256:6831e1ac20ac52634da606b658b0b2712d26984999c9d93f0c6e59fe62ca741b",
                "sha256:71afc1f5cd72ab97330126b566bbf4e8661aab7449f08895d21a5d08c6b051ff",
                "sha256:7349c27128334f787ae63ab49d90bf6d47c7288c63a0a5dfaa319d4b4541dd2c",
                "sha256:77f0d9fa5e10d03aa4528436e33423bfa3718b86c646615f04616294c935f840",
                "sha256:828ad813c7cdc2e71dcf141912c685bfe4b548c0e6d9540db6418b807c345ddd",
                "sha256:859714036274a75e6e57c7bab0c47a4602d2a8cfaaa33bbdb68c8359b2ed4f5c",
                "sha256:85a06c61598b14b015d4df233d249cd5abfa61084ef5b9f64a48e997fd829a82",
                "sha256:869ef4a19f6e4c6987e18b315721b8b971f7048e6eaea29c066854242b4e98d9",
                "sha256:8cb4febad0f0b26c6f62e1628f2053954ad2c555d67660f28dfb1b0496711952",
                "sha256:977e2d9a646773cc7428cdd9a34b069d6ee254fadfb4d09b3f430e95472f3cf3",
                "sha256:99bd767c49c775b79fdcd2eabff405f1063d9d959039c0bdd720527a7738748a",
                "sha256:a5c58664b23b248b16b96253880b2868fb34358911400a7ba39d7f6399935389",
                "sha256:aaa0f296e503cda4bc07566f592cd7a28779d433f3a23c48082af425d6d5a78f",
                "sha256:ab235d9fe64833f12d1334d29b558aacedfbca2356dfb9691f2d0d38a8a7bfb4",
                "sha256:b3b0c8f660fae65eac74fbf003f3103769b90012ae7a460863010539bb7a80da",
                "sha256:bab8e6d510d2ea0f1d14f12642e3f35cefa47a9b2e4c7cea1852b52bc9c49647",
                "sha256:c45297bbdbc8bb79b02cf41417d63352b70bcb76f1bbb1ee7d47b3e89e42f95d",
                "sha256:d19bca47c8a01b92640c614a9147b081a1974f69168ecd494687c827109e8f42",
                "sha256:d64b4340a0c488a9e79b66ec9f9d77d02b99b772c8b8afd46c1294c1d39ca478",
                "sha256:da969da069a82bbb5300b59161d8d7c8d423bc4ccd3b410a9b4d8932aeefc14b",
                "sha256:ed02c7539705696ecb7dc9d476d861f3904a8d2b7e894bd418994920935d36bb",
                "sha256:ee5b8abc35b549012e03a7b1e86c09491457dba6c94112a2482b18589cc2bdb9"
            ],
            "index": "pypi",
            "version": "==4.5.2"
        },
        "docutils": {
            "hashes": [
                "sha256:0c5b78adfbf7762415433f5515cd5c9e762339e23369dbe8000d84a4bf4ab3af",
                "sha256:c2de3a60e9e7d07be26b7f2b00ca0309c207e06c100f9cc2a94931fc75a478fc"
            ],
            "markers": "python_version >= '2.7' and python_version not in '3.0, 3.1, 3.2, 3.3, 3.4'",
            "version": "==0.16"
        },
        "idna": {
            "hashes": [
                "sha256:b307872f855b18632ce0c21c5e45be78c0ea7ae4c15c828c20788b26921eb3f6",
                "sha256:b97d804b1e9b523befed77c48dacec60e6dcb0b5391d57af6a65a312a90648c0"
            ],
            "markers": "python_version >= '2.7' and python_version not in '3.0, 3.1, 3.2, 3.3'",
            "version": "==2.10"
        },
        "imagesize": {
            "hashes": [
                "sha256:6965f19a6a2039c7d48bca7dba2473069ff854c36ae6f19d2cde309d998228a1",
                "sha256:b1f6b5a4eab1f73479a50fb79fcf729514a900c341d8503d62a62dbc4127a2b1"
            ],
            "markers": "python_version >= '2.7' and python_version not in '3.0, 3.1, 3.2, 3.3'",
            "version": "==1.2.0"
        },
        "isort": {
            "hashes": [
                "sha256:54da7e92468955c4fceacd0c86bd0ec997b0e1ee80d97f67c35a78b719dccab1",
                "sha256:6e811fcb295968434526407adb8796944f1988c5b65e8139058f2014cbe100fd"
            ],
            "markers": "python_version >= '2.7' and python_version not in '3.0, 3.1, 3.2, 3.3'",
            "version": "==4.3.21"
        },
        "jinja2": {
            "hashes": [
                "sha256:89aab215427ef59c34ad58735269eb58b1a5808103067f7bb9d5836c651b3bb0",
                "sha256:f0a4641d3cf955324a89c04f3d94663aa4d638abe8f733ecd3582848e1c37035"
            ],
            "markers": "python_version >= '2.7' and python_version not in '3.0, 3.1, 3.2, 3.3, 3.4'",
            "version": "==2.11.2"
        },
        "lazy-object-proxy": {
            "hashes": [
                "sha256:0c4b206227a8097f05c4dbdd323c50edf81f15db3b8dc064d08c62d37e1a504d",
                "sha256:194d092e6f246b906e8f70884e620e459fc54db3259e60cf69a4d66c3fda3449",
                "sha256:1be7e4c9f96948003609aa6c974ae59830a6baecc5376c25c92d7d697e684c08",
                "sha256:4677f594e474c91da97f489fea5b7daa17b5517190899cf213697e48d3902f5a",
                "sha256:48dab84ebd4831077b150572aec802f303117c8cc5c871e182447281ebf3ac50",
                "sha256:5541cada25cd173702dbd99f8e22434105456314462326f06dba3e180f203dfd",
                "sha256:59f79fef100b09564bc2df42ea2d8d21a64fdcda64979c0fa3db7bdaabaf6239",
                "sha256:8d859b89baf8ef7f8bc6b00aa20316483d67f0b1cbf422f5b4dc56701c8f2ffb",
                "sha256:9254f4358b9b541e3441b007a0ea0764b9d056afdeafc1a5569eee1cc6c1b9ea",
                "sha256:9651375199045a358eb6741df3e02a651e0330be090b3bc79f6d0de31a80ec3e",
                "sha256:97bb5884f6f1cdce0099f86b907aa41c970c3c672ac8b9c8352789e103cf3156",
                "sha256:9b15f3f4c0f35727d3a0fba4b770b3c4ebbb1fa907dbcc046a1d2799f3edd142",
                "sha256:a2238e9d1bb71a56cd710611a1614d1194dc10a175c1e08d75e1a7bcc250d442",
                "sha256:a6ae12d08c0bf9909ce12385803a543bfe99b95fe01e752536a60af2b7797c62",
                "sha256:ca0a928a3ddbc5725be2dd1cf895ec0a254798915fb3a36af0964a0a4149e3db",
                "sha256:cb2c7c57005a6804ab66f106ceb8482da55f5314b7fcb06551db1edae4ad1531",
                "sha256:d74bb8693bf9cf75ac3b47a54d716bbb1a92648d5f781fc799347cfc95952383",
                "sha256:d945239a5639b3ff35b70a88c5f2f491913eb94871780ebfabb2568bd58afc5a",
                "sha256:eba7011090323c1dadf18b3b689845fd96a61ba0a1dfbd7f24b921398affc357",
                "sha256:efa1909120ce98bbb3777e8b6f92237f5d5c8ea6758efea36a473e1d38f7d3e4",
                "sha256:f3900e8a5de27447acbf900b4750b0ddfd7ec1ea7fbaf11dfa911141bc522af0"
            ],
            "markers": "python_version >= '2.7' and python_version not in '3.0, 3.1, 3.2, 3.3'",
            "version": "==1.4.3"
        },
        "markupsafe": {
            "hashes": [
                "sha256:00bc623926325b26bb9605ae9eae8a215691f33cae5df11ca5424f06f2d1f473",
                "sha256:09027a7803a62ca78792ad89403b1b7a73a01c8cb65909cd876f7fcebd79b161",
                "sha256:09c4b7f37d6c648cb13f9230d847adf22f8171b1ccc4d5682398e77f40309235",
                "sha256:1027c282dad077d0bae18be6794e6b6b8c91d58ed8a8d89a89d59693b9131db5",
                "sha256:13d3144e1e340870b25e7b10b98d779608c02016d5184cfb9927a9f10c689f42",
                "sha256:24982cc2533820871eba85ba648cd53d8623687ff11cbb805be4ff7b4c971aff",
                "sha256:29872e92839765e546828bb7754a68c418d927cd064fd4708fab9fe9c8bb116b",
                "sha256:43a55c2930bbc139570ac2452adf3d70cdbb3cfe5912c71cdce1c2c6bbd9c5d1",
                "sha256:46c99d2de99945ec5cb54f23c8cd5689f6d7177305ebff350a58ce5f8de1669e",
                "sha256:500d4957e52ddc3351cabf489e79c91c17f6e0899158447047588650b5e69183",
                "sha256:535f6fc4d397c1563d08b88e485c3496cf5784e927af890fb3c3aac7f933ec66",
                "sha256:596510de112c685489095da617b5bcbbac7dd6384aeebeda4df6025d0256a81b",
                "sha256:62fe6c95e3ec8a7fad637b7f3d372c15ec1caa01ab47926cfdf7a75b40e0eac1",
                "sha256:6788b695d50a51edb699cb55e35487e430fa21f1ed838122d722e0ff0ac5ba15",
                "sha256:6dd73240d2af64df90aa7c4e7481e23825ea70af4b4922f8ede5b9e35f78a3b1",
                "sha256:717ba8fe3ae9cc0006d7c451f0bb265ee07739daf76355d06366154ee68d221e",
                "sha256:79855e1c5b8da654cf486b830bd42c06e8780cea587384cf6545b7d9ac013a0b",
                "sha256:7c1699dfe0cf8ff607dbdcc1e9b9af1755371f92a68f706051cc8c37d447c905",
                "sha256:88e5fcfb52ee7b911e8bb6d6aa2fd21fbecc674eadd44118a9cc3863f938e735",
                "sha256:8defac2f2ccd6805ebf65f5eeb132adcf2ab57aa11fdf4c0dd5169a004710e7d",
                "sha256:98c7086708b163d425c67c7a91bad6e466bb99d797aa64f965e9d25c12111a5e",
                "sha256:9add70b36c5666a2ed02b43b335fe19002ee5235efd4b8a89bfcf9005bebac0d",
                "sha256:9bf40443012702a1d2070043cb6291650a0841ece432556f784f004937f0f32c",
                "sha256:ade5e387d2ad0d7ebf59146cc00c8044acbd863725f887353a10df825fc8ae21",
                "sha256:b00c1de48212e4cc9603895652c5c410df699856a2853135b3967591e4beebc2",
                "sha256:b1282f8c00509d99fef04d8ba936b156d419be841854fe901d8ae224c59f0be5",
                "sha256:b2051432115498d3562c084a49bba65d97cf251f5a331c64a12ee7e04dacc51b",
                "sha256:ba59edeaa2fc6114428f1637ffff42da1e311e29382d81b339c1817d37ec93c6",
                "sha256:c8716a48d94b06bb3b2524c2b77e055fb313aeb4ea620c8dd03a105574ba704f",
                "sha256:cd5df75523866410809ca100dc9681e301e3c27567cf498077e8551b6d20e42f",
                "sha256:cdb132fc825c38e1aeec2c8aa9338310d29d337bebbd7baa06889d09a60a1fa2",
                "sha256:e249096428b3ae81b08327a63a485ad0878de3fb939049038579ac0ef61e17e7",
                "sha256:e8313f01ba26fbbe36c7be1966a7b7424942f670f38e666995b88d012765b9be"
            ],
            "markers": "python_version >= '2.7' and python_version not in '3.0, 3.1, 3.2, 3.3'",
            "version": "==1.1.1"
        },
        "mccabe": {
            "hashes": [
                "sha256:ab8a6258860da4b6677da4bd2fe5dc2c659cff31b3ee4f7f5d64e79735b80d42",
                "sha256:dd8d182285a0fe56bace7f45b5e7d1a6ebcbf524e8f3bd87eb0f125271b8831f"
            ],
            "version": "==0.6.1"
        },
        "packaging": {
            "hashes": [
                "sha256:4357f74f47b9c12db93624a82154e9b120fa8293699949152b22065d556079f8",
                "sha256:998416ba6962ae7fbd6596850b80e17859a5753ba17c32284f67bfff33784181"
            ],
            "markers": "python_version >= '2.7' and python_version not in '3.0, 3.1, 3.2, 3.3'",
            "version": "==20.4"
        },
        "pygments": {
            "hashes": [
                "sha256:381985fcc551eb9d37c52088a32914e00517e57f4a21609f48141ba08e193fa0",
                "sha256:88a0bbcd659fcb9573703957c6b9cff9fab7295e6e76db54c9d00ae42df32773"
            ],
            "markers": "python_version >= '3.5'",
            "version": "==2.7.2"
        },
        "pylint": {
            "hashes": [
                "sha256:7dd78437f2d8d019717dbf287772d0b2dbdfd13fc016aa7faa08d67bccc46adc",
                "sha256:d0ece7d223fe422088b0e8f13fa0a1e8eb745ebffcb8ed53d3e95394b6101a1c"
            ],
            "index": "pypi",
            "version": "==2.5.3"
        },
        "pyparsing": {
            "hashes": [
                "sha256:c203ec8783bf771a155b207279b9bccb8dea02d8f0c9e5f8ead507bc3246ecc1",
                "sha256:ef9d7589ef3c200abe66653d3f1ab1033c3c419ae9b9bdb1240a85b024efc88b"
            ],
            "markers": "python_version >= '2.6' and python_version not in '3.0, 3.1, 3.2, 3.3'",
            "version": "==2.4.7"
        },
        "pytz": {
            "hashes": [
                "sha256:3e6b7dd2d1e0a59084bcee14a17af60c5c562cdc16d828e8eba2e683d3a7e268",
                "sha256:5c55e189b682d420be27c6995ba6edce0c0a77dd67bfbe2ae6607134d5851ffd"
            ],
            "version": "==2020.4"
        },
        "requests": {
            "hashes": [
                "sha256:7f1a0b932f4a60a1a65caa4263921bb7d9ee911957e0ae4a23a6dd08185ad5f8",
                "sha256:e786fa28d8c9154e6a4de5d46a1d921b8749f8b74e28bde23768e5e16eece998"
            ],
            "markers": "python_version >= '2.7' and python_version not in '3.0, 3.1, 3.2, 3.3, 3.4'",
            "version": "==2.25.0"
        },
        "six": {
            "hashes": [
                "sha256:30639c035cdb23534cd4aa2dd52c3bf48f06e5f4a941509c8bafd8ce11080259",
                "sha256:8b74bedcbbbaca38ff6d7491d76f2b06b3592611af620f8426e82dddb04a5ced"
            ],
            "markers": "python_version >= '2.7' and python_version not in '3.0, 3.1, 3.2, 3.3'",
            "version": "==1.15.0"
        },
        "snowballstemmer": {
            "hashes": [
                "sha256:209f257d7533fdb3cb73bdbd24f436239ca3b2fa67d56f6ff88e86be08cc5ef0",
                "sha256:df3bac3df4c2c01363f3dd2cfa78cce2840a79b9f1c2d2de9ce8d31683992f52"
            ],
            "version": "==2.0.0"
        },
        "sphinx": {
            "hashes": [
                "sha256:31088dfb95359384b1005619827eaee3056243798c62724fd3fa4b84ee4d71bd",
                "sha256:52286a0b9d7caa31efee301ec4300dbdab23c3b05da1c9024b4e84896fb73d79"
            ],
            "index": "pypi",
            "version": "==2.2.1"
        },
        "sphinx-rtd-theme": {
            "hashes": [
                "sha256:00cf895504a7895ee433807c62094cf1e95f065843bf3acd17037c3e9a2becd4",
                "sha256:728607e34d60456d736cc7991fd236afb828b21b82f956c5ea75f94c8414040a"
            ],
            "index": "pypi",
            "version": "==0.4.3"
        },
        "sphinxcontrib-applehelp": {
            "hashes": [
                "sha256:806111e5e962be97c29ec4c1e7fe277bfd19e9652fb1a4392105b43e01af885a",
                "sha256:a072735ec80e7675e3f432fcae8610ecf509c5f1869d17e2eecff44389cdbc58"
            ],
            "markers": "python_version >= '3.5'",
            "version": "==1.0.2"
        },
        "sphinxcontrib-devhelp": {
            "hashes": [
                "sha256:8165223f9a335cc1af7ffe1ed31d2871f325254c0423bc0c4c7cd1c1e4734a2e",
                "sha256:ff7f1afa7b9642e7060379360a67e9c41e8f3121f2ce9164266f61b9f4b338e4"
            ],
            "markers": "python_version >= '3.5'",
            "version": "==1.0.2"
        },
        "sphinxcontrib-htmlhelp": {
            "hashes": [
                "sha256:3c0bc24a2c41e340ac37c85ced6dafc879ab485c095b1d65d2461ac2f7cca86f",
                "sha256:e8f5bb7e31b2dbb25b9cc435c8ab7a79787ebf7f906155729338f3156d93659b"
            ],
            "markers": "python_version >= '3.5'",
            "version": "==1.0.3"
        },
        "sphinxcontrib-jsmath": {
            "hashes": [
                "sha256:2ec2eaebfb78f3f2078e73666b1415417a116cc848b72e5172e596c871103178",
                "sha256:a9925e4a4587247ed2191a22df5f6970656cb8ca2bd6284309578f2153e0c4b8"
            ],
            "markers": "python_version >= '3.5'",
            "version": "==1.0.1"
        },
        "sphinxcontrib-qthelp": {
            "hashes": [
                "sha256:4c33767ee058b70dba89a6fc5c1892c0d57a54be67ddd3e7875a18d14cba5a72",
                "sha256:bd9fc24bcb748a8d51fd4ecaade681350aa63009a347a8c14e637895444dfab6"
            ],
            "markers": "python_version >= '3.5'",
            "version": "==1.0.3"
        },
        "sphinxcontrib-serializinghtml": {
            "hashes": [
                "sha256:eaa0eccc86e982a9b939b2b82d12cc5d013385ba5eadcc7e4fed23f4405f77bc",
                "sha256:f242a81d423f59617a8e5cf16f5d4d74e28ee9a66f9e5b637a18082991db5a9a"
            ],
            "markers": "python_version >= '3.5'",
            "version": "==1.1.4"
        },
        "toml": {
            "hashes": [
                "sha256:806143ae5bfb6a3c6e736a764057db0e6a0e05e338b5630894a5f779cabb4f9b",
                "sha256:b3bda1d108d5dd99f4a20d24d9c348e91c4db7ab1b749200bded2f839ccbe68f"
            ],
            "markers": "python_version >= '2.6' and python_version not in '3.0, 3.1, 3.2, 3.3'",
            "version": "==0.10.2"
        },
        "urllib3": {
            "hashes": [
                "sha256:19188f96923873c92ccb987120ec4acaa12f0461fa9ce5d3d0772bc965a39e08",
                "sha256:d8ff90d979214d7b4f8ce956e80f4028fc6860e4431f731ea4a8c08f23f99473"
            ],
            "markers": "python_version >= '2.7' and python_version not in '3.0, 3.1, 3.2, 3.3, 3.4' and python_version < '4'",
            "version": "==1.26.2"
        },
        "wrapt": {
            "hashes": [
                "sha256:b62ffa81fb85f4332a4f609cab4ac40709470da05643a082ec1eb88e6d9b97d7"
            ],
            "version": "==1.12.1"
        }
    }
}
